// !$*UTF8*$!
{
	archiveVersion = 1;
	classes = {
	};
	objectVersion = 46;
	objects = {

/* Begin PBXBuildFile section */
		AA4D19C421F3B63B002A7FBB /* ksstest.cpp in Sources */ = {isa = PBXBuildFile; fileRef = AA4D19C321F3B63B002A7FBB /* ksstest.cpp */; };
		AA7548D620C9BBCE006581EA /* version.cpp in Sources */ = {isa = PBXBuildFile; fileRef = AA7548D420C9BBCE006581EA /* version.cpp */; };
		AA7548D720C9BBCE006581EA /* version.hpp in Headers */ = {isa = PBXBuildFile; fileRef = AA7548D520C9BBCE006581EA /* version.hpp */; };
		AA7548D920C9C112006581EA /* version.cpp in Sources */ = {isa = PBXBuildFile; fileRef = AA7548D820C9C112006581EA /* version.cpp */; };
		AACCD48121F00C4F00C270C7 /* bug16.cpp in Sources */ = {isa = PBXBuildFile; fileRef = AACCD48021F00C4F00C270C7 /* bug16.cpp */; };
		AACCD49121F194BE00C270C7 /* bug18.cpp in Sources */ = {isa = PBXBuildFile; fileRef = AACCD49021F194BE00C270C7 /* bug18.cpp */; };
		AACCD49521F1956C00C270C7 /* ksstest.hpp in Headers */ = {isa = PBXBuildFile; fileRef = AACCD49321F1956C00C270C7 /* ksstest.hpp */; };
		AAD09DFC2075C9A900B527FB /* main.cpp in Sources */ = {isa = PBXBuildFile; fileRef = AAD09DFB2075C9A900B527FB /* main.cpp */; };
		AAD09DFF2075CA6500B527FB /* libksstest.dylib in Frameworks */ = {isa = PBXBuildFile; fileRef = AAA40F121F3CAAF2005D181B /* libksstest.dylib */; };
		AAD09E012075CAE800B527FB /* tests.cpp in Sources */ = {isa = PBXBuildFile; fileRef = AAD09E002075CAE800B527FB /* tests.cpp */; };
		AAD09E032079A2A800B527FB /* before_after_all.cpp in Sources */ = {isa = PBXBuildFile; fileRef = AAD09E022079A2A800B527FB /* before_after_all.cpp */; };
		AAD09E052079ADA600B527FB /* before_after_each.cpp in Sources */ = {isa = PBXBuildFile; fileRef = AAD09E042079ADA600B527FB /* before_after_each.cpp */; };
/* End PBXBuildFile section */

/* Begin PBXContainerItemProxy section */
		AAD09DFD2075CA5E00B527FB /* PBXContainerItemProxy */ = {
			isa = PBXContainerItemProxy;
			containerPortal = AAA40F0A1F3CAAF2005D181B /* Project object */;
			proxyType = 1;
			remoteGlobalIDString = AAA40F111F3CAAF2005D181B;
			remoteInfo = ksstest;
		};
/* End PBXContainerItemProxy section */

/* Begin PBXCopyFilesBuildPhase section */
		AAD09DF12075C94200B527FB /* CopyFiles */ = {
			isa = PBXCopyFilesBuildPhase;
			buildActionMask = 2147483647;
			dstPath = /usr/share/man/man1/;
			dstSubfolderSpec = 0;
			files = (
			);
			runOnlyForDeploymentPostprocessing = 1;
		};
/* End PBXCopyFilesBuildPhase section */

/* Begin PBXFileReference section */
		AA16FA3E218A51CE0059E8DB /* logo.png */ = {isa = PBXFileReference; lastKnownFileType = image.png; path = logo.png; sourceTree = "<group>"; };
		AA16FA46218A65930059E8DB /* intro.dox */ = {isa = PBXFileReference; lastKnownFileType = text; path = intro.dox; sourceTree = "<group>"; };
		AA4D19C321F3B63B002A7FBB /* ksstest.cpp */ = {isa = PBXFileReference; fileEncoding = 4; lastKnownFileType = sourcecode.cpp.cpp; path = ksstest.cpp; sourceTree = "<group>"; };
		AA7548D020C98866006581EA /* BuildSystem */ = {isa = PBXFileReference; lastKnownFileType = folder; path = BuildSystem; sourceTree = "<group>"; };
		AA7548D320C999A1006581EA /* Makefile */ = {isa = PBXFileReference; lastKnownFileType = sourcecode.make; path = Makefile; sourceTree = "<group>"; };
		AA7548D420C9BBCE006581EA /* version.cpp */ = {isa = PBXFileReference; lastKnownFileType = sourcecode.cpp.cpp; path = version.cpp; sourceTree = "<group>"; };
		AA7548D520C9BBCE006581EA /* version.hpp */ = {isa = PBXFileReference; lastKnownFileType = sourcecode.cpp.h; path = version.hpp; sourceTree = "<group>"; };
		AA7548D820C9C112006581EA /* version.cpp */ = {isa = PBXFileReference; lastKnownFileType = sourcecode.cpp.cpp; path = version.cpp; sourceTree = "<group>"; };
		AA7548DC20C9C5E0006581EA /* configure */ = {isa = PBXFileReference; lastKnownFileType = text.script.sh; path = configure; sourceTree = "<group>"; };
		AAA40F121F3CAAF2005D181B /* libksstest.dylib */ = {isa = PBXFileReference; explicitFileType = "compiled.mach-o.dylib"; includeInIndex = 0; path = libksstest.dylib; sourceTree = BUILT_PRODUCTS_DIR; };
		AACCD48021F00C4F00C270C7 /* bug16.cpp */ = {isa = PBXFileReference; lastKnownFileType = sourcecode.cpp.cpp; path = bug16.cpp; sourceTree = "<group>"; };
		AACCD49021F194BE00C270C7 /* bug18.cpp */ = {isa = PBXFileReference; lastKnownFileType = sourcecode.cpp.cpp; path = bug18.cpp; sourceTree = "<group>"; };
		AACCD49321F1956C00C270C7 /* ksstest.hpp */ = {isa = PBXFileReference; fileEncoding = 4; lastKnownFileType = sourcecode.cpp.h; path = ksstest.hpp; sourceTree = "<group>"; };
		AAD09DE220730A1600B527FB /* LICENSE */ = {isa = PBXFileReference; lastKnownFileType = text; path = LICENSE; sourceTree = "<group>"; };
		AAD09DE320730DDA00B527FB /* README.md */ = {isa = PBXFileReference; lastKnownFileType = net.daringfireball.markdown; path = README.md; sourceTree = "<group>"; };
		AAD09DF32075C94200B527FB /* unittest */ = {isa = PBXFileReference; explicitFileType = "compiled.mach-o.executable"; includeInIndex = 0; path = unittest; sourceTree = BUILT_PRODUCTS_DIR; };
		AAD09DFB2075C9A900B527FB /* main.cpp */ = {isa = PBXFileReference; lastKnownFileType = sourcecode.cpp.cpp; path = main.cpp; sourceTree = "<group>"; };
		AAD09E002075CAE800B527FB /* tests.cpp */ = {isa = PBXFileReference; lastKnownFileType = sourcecode.cpp.cpp; path = tests.cpp; sourceTree = "<group>"; };
		AAD09E022079A2A800B527FB /* before_after_all.cpp */ = {isa = PBXFileReference; lastKnownFileType = sourcecode.cpp.cpp; path = before_after_all.cpp; sourceTree = "<group>"; };
		AAD09E042079ADA600B527FB /* before_after_each.cpp */ = {isa = PBXFileReference; lastKnownFileType = sourcecode.cpp.cpp; path = before_after_each.cpp; sourceTree = "<group>"; };
		AAD1E61D2173F52800B80601 /* Doxyfile */ = {isa = PBXFileReference; lastKnownFileType = text; path = Doxyfile; sourceTree = "<group>"; };
		AAFF8CB5238DB1F40077628E /* .github */ = {isa = PBXFileReference; lastKnownFileType = folder; path = .github; sourceTree = "<group>"; };
		AAFF8CB6238DB1F40077628E /* .gitignore */ = {isa = PBXFileReference; fileEncoding = 4; lastKnownFileType = text; path = .gitignore; sourceTree = "<group>"; };
/* End PBXFileReference section */

/* Begin PBXFrameworksBuildPhase section */
		AAA40F0F1F3CAAF2005D181B /* Frameworks */ = {
			isa = PBXFrameworksBuildPhase;
			buildActionMask = 2147483647;
			files = (
			);
			runOnlyForDeploymentPostprocessing = 0;
		};
		AAD09DF02075C94200B527FB /* Frameworks */ = {
			isa = PBXFrameworksBuildPhase;
			buildActionMask = 2147483647;
			files = (
				AAD09DFF2075CA6500B527FB /* libksstest.dylib in Frameworks */,
			);
			runOnlyForDeploymentPostprocessing = 0;
		};
/* End PBXFrameworksBuildPhase section */

/* Begin PBXGroup section */
		AA16FA3D218A51AC0059E8DB /* Top Level */ = {
			isa = PBXGroup;
			children = (
				AA7548DC20C9C5E0006581EA /* configure */,
				AAD1E61D2173F52800B80601 /* Doxyfile */,
				AAD09DE220730A1600B527FB /* LICENSE */,
				AA16FA3E218A51CE0059E8DB /* logo.png */,
				AA7548D320C999A1006581EA /* Makefile */,
				AAD09DE320730DDA00B527FB /* README.md */,
			);
			name = "Top Level";
			sourceTree = "<group>";
		};
		AA6684572038A95200819C6A /* Frameworks */ = {
			isa = PBXGroup;
			children = (
			);
			name = Frameworks;
			sourceTree = "<group>";
		};
		AAA40F091F3CAAF2005D181B = {
			isa = PBXGroup;
			children = (
				AAFF8CB5238DB1F40077628E /* .github */,
				AAFF8CB6238DB1F40077628E /* .gitignore */,
				AA16FA3D218A51AC0059E8DB /* Top Level */,
				AA7548D020C98866006581EA /* BuildSystem */,
				AAA40F191F3CAC04005D181B /* Sources */,
				AAD09DFA2075C98700B527FB /* Tests */,
				AAA40F131F3CAAF2005D181B /* Products */,
				AA6684572038A95200819C6A /* Frameworks */,
			);
			sourceTree = "<group>";
		};
		AAA40F131F3CAAF2005D181B /* Products */ = {
			isa = PBXGroup;
			children = (
				AAA40F121F3CAAF2005D181B /* libksstest.dylib */,
				AAD09DF32075C94200B527FB /* unittest */,
			);
			name = Products;
			sourceTree = "<group>";
		};
		AAA40F191F3CAC04005D181B /* Sources */ = {
			isa = PBXGroup;
			children = (
				AA16FA46218A65930059E8DB /* intro.dox */,
				AA4D19C321F3B63B002A7FBB /* ksstest.cpp */,
				AACCD49321F1956C00C270C7 /* ksstest.hpp */,
				AA7548D420C9BBCE006581EA /* version.cpp */,
				AA7548D520C9BBCE006581EA /* version.hpp */,
			);
			path = Sources;
			sourceTree = "<group>";
		};
		AAD09DFA2075C98700B527FB /* Tests */ = {
			isa = PBXGroup;
			children = (
				AAD09E022079A2A800B527FB /* before_after_all.cpp */,
				AAD09E042079ADA600B527FB /* before_after_each.cpp */,
				AACCD48021F00C4F00C270C7 /* bug16.cpp */,
				AACCD49021F194BE00C270C7 /* bug18.cpp */,
				AAD09DFB2075C9A900B527FB /* main.cpp */,
				AAD09E002075CAE800B527FB /* tests.cpp */,
				AA7548D820C9C112006581EA /* version.cpp */,
			);
			path = Tests;
			sourceTree = "<group>";
		};
/* End PBXGroup section */

/* Begin PBXHeadersBuildPhase section */
		AAA40F101F3CAAF2005D181B /* Headers */ = {
			isa = PBXHeadersBuildPhase;
			buildActionMask = 2147483647;
			files = (
				AACCD49521F1956C00C270C7 /* ksstest.hpp in Headers */,
				AA7548D720C9BBCE006581EA /* version.hpp in Headers */,
			);
			runOnlyForDeploymentPostprocessing = 0;
		};
/* End PBXHeadersBuildPhase section */

/* Begin PBXNativeTarget section */
		AAA40F111F3CAAF2005D181B /* ksstest */ = {
			isa = PBXNativeTarget;
			buildConfigurationList = AAA40F161F3CAAF2005D181B /* Build configuration list for PBXNativeTarget "ksstest" */;
			buildPhases = (
				AA7548DB20C9C424006581EA /* Preparation */,
				AAA40F0E1F3CAAF2005D181B /* Sources */,
				AAA40F0F1F3CAAF2005D181B /* Frameworks */,
				AAA40F101F3CAAF2005D181B /* Headers */,
			);
			buildRules = (
			);
			dependencies = (
			);
			name = ksstest;
			productName = ksstest;
			productReference = AAA40F121F3CAAF2005D181B /* libksstest.dylib */;
			productType = "com.apple.product-type.library.dynamic";
		};
		AAD09DF22075C94200B527FB /* unittest */ = {
			isa = PBXNativeTarget;
			buildConfigurationList = AAD09DF92075C94200B527FB /* Build configuration list for PBXNativeTarget "unittest" */;
			buildPhases = (
				AAD09DEF2075C94200B527FB /* Sources */,
				AAD09DF02075C94200B527FB /* Frameworks */,
				AAD09DF12075C94200B527FB /* CopyFiles */,
			);
			buildRules = (
			);
			dependencies = (
				AAD09DFE2075CA5E00B527FB /* PBXTargetDependency */,
			);
			name = unittest;
			productName = unittest;
			productReference = AAD09DF32075C94200B527FB /* unittest */;
			productType = "com.apple.product-type.tool";
		};
/* End PBXNativeTarget section */

/* Begin PBXProject section */
		AAA40F0A1F3CAAF2005D181B /* Project object */ = {
			isa = PBXProject;
			attributes = {
				LastUpgradeCheck = 1120;
				ORGANIZATIONNAME = "Klassen Software Solutions";
				TargetAttributes = {
					AAA40F111F3CAAF2005D181B = {
						CreatedOnToolsVersion = 8.3.3;
						DevelopmentTeam = 23FN26LWBV;
						ProvisioningStyle = Automatic;
					};
					AAD09DF22075C94200B527FB = {
						CreatedOnToolsVersion = 9.3;
						ProvisioningStyle = Automatic;
					};
				};
			};
			buildConfigurationList = AAA40F0D1F3CAAF2005D181B /* Build configuration list for PBXProject "ksstest" */;
			compatibilityVersion = "Xcode 3.2";
			developmentRegion = en;
			hasScannedForEncodings = 0;
			knownRegions = (
				en,
				Base,
			);
			mainGroup = AAA40F091F3CAAF2005D181B;
			productRefGroup = AAA40F131F3CAAF2005D181B /* Products */;
			projectDirPath = "";
			projectRoot = "";
			targets = (
				AAA40F111F3CAAF2005D181B /* ksstest */,
				AAD09DF22075C94200B527FB /* unittest */,
			);
		};
/* End PBXProject section */

/* Begin PBXShellScriptBuildPhase section */
		AA7548DB20C9C424006581EA /* Preparation */ = {
			isa = PBXShellScriptBuildPhase;
			buildActionMask = 2147483647;
			files = (
			);
			inputPaths = (
			);
			name = Preparation;
			outputPaths = (
			);
			runOnlyForDeploymentPostprocessing = 0;
			shellPath = /bin/sh;
			shellScript = "make prep\n";
		};
/* End PBXShellScriptBuildPhase section */

/* Begin PBXSourcesBuildPhase section */
		AAA40F0E1F3CAAF2005D181B /* Sources */ = {
			isa = PBXSourcesBuildPhase;
			buildActionMask = 2147483647;
			files = (
				AA7548D620C9BBCE006581EA /* version.cpp in Sources */,
				AA4D19C421F3B63B002A7FBB /* ksstest.cpp in Sources */,
			);
			runOnlyForDeploymentPostprocessing = 0;
		};
		AAD09DEF2075C94200B527FB /* Sources */ = {
			isa = PBXSourcesBuildPhase;
			buildActionMask = 2147483647;
			files = (
				AAD09DFC2075C9A900B527FB /* main.cpp in Sources */,
				AA7548D920C9C112006581EA /* version.cpp in Sources */,
				AAD09E012075CAE800B527FB /* tests.cpp in Sources */,
				AAD09E052079ADA600B527FB /* before_after_each.cpp in Sources */,
				AAD09E032079A2A800B527FB /* before_after_all.cpp in Sources */,
				AACCD48121F00C4F00C270C7 /* bug16.cpp in Sources */,
				AACCD49121F194BE00C270C7 /* bug18.cpp in Sources */,
			);
			runOnlyForDeploymentPostprocessing = 0;
		};
/* End PBXSourcesBuildPhase section */

/* Begin PBXTargetDependency section */
		AAD09DFE2075CA5E00B527FB /* PBXTargetDependency */ = {
			isa = PBXTargetDependency;
			target = AAA40F111F3CAAF2005D181B /* ksstest */;
			targetProxy = AAD09DFD2075CA5E00B527FB /* PBXContainerItemProxy */;
		};
/* End PBXTargetDependency section */

/* Begin XCBuildConfiguration section */
		AAA40F141F3CAAF2005D181B /* Debug */ = {
			isa = XCBuildConfiguration;
			buildSettings = {
				ALWAYS_SEARCH_USER_PATHS = NO;
				CLANG_ANALYZER_LOCALIZABILITY_NONLOCALIZED = YES;
				CLANG_ANALYZER_NONNULL = YES;
				CLANG_ANALYZER_NUMBER_OBJECT_CONVERSION = YES_AGGRESSIVE;
				CLANG_CXX_LANGUAGE_STANDARD = "c++14";
				CLANG_CXX_LIBRARY = "libc++";
				CLANG_ENABLE_MODULES = YES;
				CLANG_ENABLE_OBJC_ARC = YES;
				CLANG_WARN_BLOCK_CAPTURE_AUTORELEASING = YES;
				CLANG_WARN_BOOL_CONVERSION = YES;
				CLANG_WARN_COMMA = YES;
				CLANG_WARN_CONSTANT_CONVERSION = YES;
				CLANG_WARN_DEPRECATED_OBJC_IMPLEMENTATIONS = YES;
				CLANG_WARN_DIRECT_OBJC_ISA_USAGE = YES_ERROR;
				CLANG_WARN_DOCUMENTATION_COMMENTS = YES;
				CLANG_WARN_EMPTY_BODY = YES;
				CLANG_WARN_ENUM_CONVERSION = YES;
				CLANG_WARN_INFINITE_RECURSION = YES;
				CLANG_WARN_INT_CONVERSION = YES;
				CLANG_WARN_NON_LITERAL_NULL_CONVERSION = YES;
				CLANG_WARN_OBJC_IMPLICIT_RETAIN_SELF = YES;
				CLANG_WARN_OBJC_LITERAL_CONVERSION = YES;
				CLANG_WARN_OBJC_ROOT_CLASS = YES_ERROR;
				CLANG_WARN_RANGE_LOOP_ANALYSIS = YES;
				CLANG_WARN_STRICT_PROTOTYPES = YES;
				CLANG_WARN_SUSPICIOUS_MOVE = YES;
				CLANG_WARN_UNREACHABLE_CODE = YES;
				CLANG_WARN__DUPLICATE_METHOD_MATCH = YES;
				CODE_SIGN_IDENTITY = "-";
				COPY_PHASE_STRIP = NO;
				DEBUG_INFORMATION_FORMAT = dwarf;
				ENABLE_STRICT_OBJC_MSGSEND = YES;
				ENABLE_TESTABILITY = YES;
				GCC_C_LANGUAGE_STANDARD = gnu99;
				GCC_DYNAMIC_NO_PIC = NO;
				GCC_NO_COMMON_BLOCKS = YES;
				GCC_OPTIMIZATION_LEVEL = 0;
				GCC_PREPROCESSOR_DEFINITIONS = (
					"DEBUG=1",
					"$(inherited)",
				);
				GCC_WARN_64_TO_32_BIT_CONVERSION = YES;
				GCC_WARN_ABOUT_RETURN_TYPE = YES_ERROR;
				GCC_WARN_HIDDEN_VIRTUAL_FUNCTIONS = YES;
				GCC_WARN_UNDECLARED_SELECTOR = YES;
				GCC_WARN_UNINITIALIZED_AUTOS = YES_AGGRESSIVE;
				GCC_WARN_UNUSED_FUNCTION = YES;
				GCC_WARN_UNUSED_VARIABLE = YES;
				MACOSX_DEPLOYMENT_TARGET = 10.12;
				MTL_ENABLE_DEBUG_INFO = YES;
				ONLY_ACTIVE_ARCH = YES;
				SDKROOT = macosx;
				VALID_ARCHS = x86_64;
			};
			name = Debug;
		};
		AAA40F151F3CAAF2005D181B /* Release */ = {
			isa = XCBuildConfiguration;
			buildSettings = {
				ALWAYS_SEARCH_USER_PATHS = NO;
				CLANG_ANALYZER_LOCALIZABILITY_NONLOCALIZED = YES;
				CLANG_ANALYZER_NONNULL = YES;
				CLANG_ANALYZER_NUMBER_OBJECT_CONVERSION = YES_AGGRESSIVE;
				CLANG_CXX_LANGUAGE_STANDARD = "c++14";
				CLANG_CXX_LIBRARY = "libc++";
				CLANG_ENABLE_MODULES = YES;
				CLANG_ENABLE_OBJC_ARC = YES;
				CLANG_WARN_BLOCK_CAPTURE_AUTORELEASING = YES;
				CLANG_WARN_BOOL_CONVERSION = YES;
				CLANG_WARN_COMMA = YES;
				CLANG_WARN_CONSTANT_CONVERSION = YES;
				CLANG_WARN_DEPRECATED_OBJC_IMPLEMENTATIONS = YES;
				CLANG_WARN_DIRECT_OBJC_ISA_USAGE = YES_ERROR;
				CLANG_WARN_DOCUMENTATION_COMMENTS = YES;
				CLANG_WARN_EMPTY_BODY = YES;
				CLANG_WARN_ENUM_CONVERSION = YES;
				CLANG_WARN_INFINITE_RECURSION = YES;
				CLANG_WARN_INT_CONVERSION = YES;
				CLANG_WARN_NON_LITERAL_NULL_CONVERSION = YES;
				CLANG_WARN_OBJC_IMPLICIT_RETAIN_SELF = YES;
				CLANG_WARN_OBJC_LITERAL_CONVERSION = YES;
				CLANG_WARN_OBJC_ROOT_CLASS = YES_ERROR;
				CLANG_WARN_RANGE_LOOP_ANALYSIS = YES;
				CLANG_WARN_STRICT_PROTOTYPES = YES;
				CLANG_WARN_SUSPICIOUS_MOVE = YES;
				CLANG_WARN_UNREACHABLE_CODE = YES;
				CLANG_WARN__DUPLICATE_METHOD_MATCH = YES;
				CODE_SIGN_IDENTITY = "-";
				COPY_PHASE_STRIP = NO;
				DEBUG_INFORMATION_FORMAT = "dwarf-with-dsym";
				ENABLE_NS_ASSERTIONS = NO;
				ENABLE_STRICT_OBJC_MSGSEND = YES;
				GCC_C_LANGUAGE_STANDARD = gnu99;
				GCC_NO_COMMON_BLOCKS = YES;
				GCC_WARN_64_TO_32_BIT_CONVERSION = YES;
				GCC_WARN_ABOUT_RETURN_TYPE = YES_ERROR;
				GCC_WARN_HIDDEN_VIRTUAL_FUNCTIONS = YES;
				GCC_WARN_UNDECLARED_SELECTOR = YES;
				GCC_WARN_UNINITIALIZED_AUTOS = YES_AGGRESSIVE;
				GCC_WARN_UNUSED_FUNCTION = YES;
				GCC_WARN_UNUSED_VARIABLE = YES;
				MACOSX_DEPLOYMENT_TARGET = 10.12;
				MTL_ENABLE_DEBUG_INFO = NO;
				SDKROOT = macosx;
				VALID_ARCHS = x86_64;
			};
			name = Release;
		};
		AAA40F171F3CAAF2005D181B /* Debug */ = {
			isa = XCBuildConfiguration;
			buildSettings = {
				DEVELOPMENT_TEAM = 23FN26LWBV;
				DYLIB_COMPATIBILITY_VERSION = 1;
				DYLIB_CURRENT_VERSION = 1;
				EXECUTABLE_PREFIX = lib;
				PRODUCT_NAME = "$(TARGET_NAME)";
			};
			name = Debug;
		};
		AAA40F181F3CAAF2005D181B /* Release */ = {
			isa = XCBuildConfiguration;
			buildSettings = {
				DEVELOPMENT_TEAM = 23FN26LWBV;
				DYLIB_COMPATIBILITY_VERSION = 1;
				DYLIB_CURRENT_VERSION = 1;
				EXECUTABLE_PREFIX = lib;
				PRODUCT_NAME = "$(TARGET_NAME)";
			};
			name = Release;
		};
		AAD09DF72075C94200B527FB /* Debug */ = {
			isa = XCBuildConfiguration;
			buildSettings = {
				CLANG_CXX_LANGUAGE_STANDARD = "gnu++14";
				CLANG_ENABLE_OBJC_WEAK = YES;
				CLANG_WARN_UNGUARDED_AVAILABILITY = YES_AGGRESSIVE;
				CODE_SIGN_IDENTITY = "-";
				CODE_SIGN_STYLE = Automatic;
				GCC_C_LANGUAGE_STANDARD = gnu11;
				HEADER_SEARCH_PATHS = "$(PROJECT_DIR)/.build/Darwin-x86_64/include";
				OTHER_CPLUSPLUSFLAGS = (
					"$(OTHER_CFLAGS)",
					"-Wno-exceptions",
				);
				PRODUCT_NAME = "$(TARGET_NAME)";
			};
			name = Debug;
		};
		AAD09DF82075C94200B527FB /* Release */ = {
			isa = XCBuildConfiguration;
			buildSettings = {
				CLANG_CXX_LANGUAGE_STANDARD = "gnu++14";
				CLANG_ENABLE_OBJC_WEAK = YES;
				CLANG_WARN_UNGUARDED_AVAILABILITY = YES_AGGRESSIVE;
				CODE_SIGN_IDENTITY = "-";
				CODE_SIGN_STYLE = Automatic;
				GCC_C_LANGUAGE_STANDARD = gnu11;
				HEADER_SEARCH_PATHS = "$(PROJECT_DIR)/.build/Darwin-x86_64/include";
				OTHER_CPLUSPLUSFLAGS = (
					"$(OTHER_CFLAGS)",
					"-Wno-exceptions",
				);
				PRODUCT_NAME = "$(TARGET_NAME)";
			};
			name = Release;
		};
/* End XCBuildConfiguration section */

/* Begin XCConfigurationList section */
		AAA40F0D1F3CAAF2005D181B /* Build configuration list for PBXProject "ksstest" */ = {
			isa = XCConfigurationList;
			buildConfigurations = (
				AAA40F141F3CAAF2005D181B /* Debug */,
				AAA40F151F3CAAF2005D181B /* Release */,
			);
			defaultConfigurationIsVisible = 0;
			defaultConfigurationName = Release;
		};
		AAA40F161F3CAAF2005D181B /* Build configuration list for PBXNativeTarget "ksstest" */ = {
			isa = XCConfigurationList;
			buildConfigurations = (
				AAA40F171F3CAAF2005D181B /* Debug */,
				AAA40F181F3CAAF2005D181B /* Release */,
			);
			defaultConfigurationIsVisible = 0;
			defaultConfigurationName = Release;
		};
		AAD09DF92075C94200B527FB /* Build configuration list for PBXNativeTarget "unittest" */ = {
			isa = XCConfigurationList;
			buildConfigurations = (
				AAD09DF72075C94200B527FB /* Debug */,
				AAD09DF82075C94200B527FB /* Release */,
			);
			defaultConfigurationIsVisible = 0;
			defaultConfigurationName = Release;
		};
/* End XCConfigurationList section */
	};
	rootObject = AAA40F0A1F3CAAF2005D181B /* Project object */;
}
